
Microsoft Visual Studio Solution File, Format Version 12.00
# Visual Studio Version 16
VisualStudioVersion = 16.0.31624.102
MinimumVisualStudioVersion = 10.0.40219.1
Project("{FAE04EC0-301F-11D3-BF4B-00C04F79EFBC}") = "Gatlin.Winform.Host", "Gatlin.Winform.Host\Gatlin.Winform.Host.csproj", "{47404D37-8F54-4B68-9020-75054565CEFF}"
EndProject
Global
	GlobalSection(SolutionConfigurationPlatforms) = preSolution
		Debug|Any CPU = Debug|Any CPU
		Release|Any CPU = Release|Any CPU
	EndGlobalSection
	GlobalSection(ProjectConfigurationPlatforms) = postSolution
		{47404D37-8F54-4B68-9020-75054565CEFF}.Debug|Any CPU.ActiveCfg = Debug|Any CPU
		{47404D37-8F54-4B68-9020-75054565CEFF}.Debug|Any CPU.Build.0 = Debug|Any CPU
		{47404D37-8F54-4B68-9020-75054565CEFF}.Release|Any CPU.ActiveCfg = Release|Any CPU
		{47404D37-8F54-4B68-9020-75054565CEFF}.Release|Any CPU.Build.0 = Release|Any CPU
	EndGlobalSection
	GlobalSection(SolutionProperties) = preSolution
		HideSolutionNode = FALSE
	EndGlobalSection
	GlobalSection(ExtensibilityGlobals) = postSolution
		SolutionGuid = {8E942F28-F8F2-41DF-9662-8BA58DCC933A}
	EndGlobalSection
EndGlobal
